
Microsoft Visual Studio Solution File, Format Version 12.00
# Visual Studio 15
VisualStudioVersion = 15.0.27703.2018
MinimumVisualStudioVersion = 10.0.40219.1
Project("{FAE04EC0-301F-11D3-BF4B-00C04F79EFBC}") = "CgCourseProject", "CgCourseProject\CgCourseProject.csproj", "{4ED6C4B0-A0AF-4BA0-A3B4-89731E33710F}"
EndProject
Project("{FAE04EC0-301F-11D3-BF4B-00C04F79EFBC}") = "CgCourseProjectTests", "CgCourseProjectTests\CgCourseProjectTests.csproj", "{3498DD4A-28DA-4845-AC2B-7A0D699680A8}"
EndProject
Global
	GlobalSection(SolutionConfigurationPlatforms) = preSolution
		Debug|Any CPU = Debug|Any CPU
		Debug|ARM = Debug|ARM
		Debug|x64 = Debug|x64
		Debug|x86 = Debug|x86
		Release|Any CPU = Release|Any CPU
		Release|ARM = Release|ARM
		Release|x64 = Release|x64
		Release|x86 = Release|x86
	EndGlobalSection
	GlobalSection(ProjectConfigurationPlatforms) = postSolution
		{4ED6C4B0-A0AF-4BA0-A3B4-89731E33710F}.Debug|Any CPU.ActiveCfg = Debug|Any CPU
		{4ED6C4B0-A0AF-4BA0-A3B4-89731E33710F}.Debug|Any CPU.Build.0 = Debug|Any CPU
		{4ED6C4B0-A0AF-4BA0-A3B4-89731E33710F}.Debug|ARM.ActiveCfg = Debug|Any CPU
		{4ED6C4B0-A0AF-4BA0-A3B4-89731E33710F}.Debug|ARM.Build.0 = Debug|Any CPU
		{4ED6C4B0-A0AF-4BA0-A3B4-89731E33710F}.Debug|x64.ActiveCfg = Debug|Any CPU
		{4ED6C4B0-A0AF-4BA0-A3B4-89731E33710F}.Debug|x64.Build.0 = Debug|Any CPU
		{4ED6C4B0-A0AF-4BA0-A3B4-89731E33710F}.Debug|x86.ActiveCfg = Debug|Any CPU
		{4ED6C4B0-A0AF-4BA0-A3B4-89731E33710F}.Debug|x86.Build.0 = Debug|Any CPU
		{4ED6C4B0-A0AF-4BA0-A3B4-89731E33710F}.Release|Any CPU.ActiveCfg = Release|Any CPU
		{4ED6C4B0-A0AF-4BA0-A3B4-89731E33710F}.Release|Any CPU.Build.0 = Release|Any CPU
		{4ED6C4B0-A0AF-4BA0-A3B4-89731E33710F}.Release|ARM.ActiveCfg = Release|Any CPU
		{4ED6C4B0-A0AF-4BA0-A3B4-89731E33710F}.Release|ARM.Build.0 = Release|Any CPU
		{4ED6C4B0-A0AF-4BA0-A3B4-89731E33710F}.Release|x64.ActiveCfg = Release|Any CPU
		{4ED6C4B0-A0AF-4BA0-A3B4-89731E33710F}.Release|x64.Build.0 = Release|Any CPU
		{4ED6C4B0-A0AF-4BA0-A3B4-89731E33710F}.Release|x86.ActiveCfg = Release|Any CPU
		{4ED6C4B0-A0AF-4BA0-A3B4-89731E33710F}.Release|x86.Build.0 = Release|Any CPU
		{3498DD4A-28DA-4845-AC2B-7A0D699680A8}.Debug|Any CPU.ActiveCfg = Debug|Any CPU
		{3498DD4A-28DA-4845-AC2B-7A0D699680A8}.Debug|Any CPU.Build.0 = Debug|Any CPU
		{3498DD4A-28DA-4845-AC2B-7A0D699680A8}.Debug|ARM.ActiveCfg = Debug|Any CPU
		{3498DD4A-28DA-4845-AC2B-7A0D699680A8}.Debug|ARM.Build.0 = Debug|Any CPU
		{3498DD4A-28DA-4845-AC2B-7A0D699680A8}.Debug|x64.ActiveCfg = Debug|Any CPU
		{3498DD4A-28DA-4845-AC2B-7A0D699680A8}.Debug|x64.Build.0 = Debug|Any CPU
		{3498DD4A-28DA-4845-AC2B-7A0D699680A8}.Debug|x86.ActiveCfg = Debug|Any CPU
		{3498DD4A-28DA-4845-AC2B-7A0D699680A8}.Debug|x86.Build.0 = Debug|Any CPU
		{3498DD4A-28DA-4845-AC2B-7A0D699680A8}.Release|Any CPU.ActiveCfg = Release|Any CPU
		{3498DD4A-28DA-4845-AC2B-7A0D699680A8}.Release|Any CPU.Build.0 = Release|Any CPU
		{3498DD4A-28DA-4845-AC2B-7A0D699680A8}.Release|ARM.ActiveCfg = Release|Any CPU
		{3498DD4A-28DA-4845-AC2B-7A0D699680A8}.Release|ARM.Build.0 = Release|Any CPU
		{3498DD4A-28DA-4845-AC2B-7A0D699680A8}.Release|x64.ActiveCfg = Release|Any CPU
		{3498DD4A-28DA-4845-AC2B-7A0D699680A8}.Release|x64.Build.0 = Release|Any CPU
		{3498DD4A-28DA-4845-AC2B-7A0D699680A8}.Release|x86.ActiveCfg = Release|Any CPU
		{3498DD4A-28DA-4845-AC2B-7A0D699680A8}.Release|x86.Build.0 = Release|Any CPU
	EndGlobalSection
	GlobalSection(SolutionProperties) = preSolution
		HideSolutionNode = FALSE
	EndGlobalSection
	GlobalSection(ExtensibilityGlobals) = postSolution
		SolutionGuid = {E76C8EDD-12F2-44D0-B830-BB413998BD1D}
	EndGlobalSection
EndGlobal
